{
  "nodes": {
    "nixpkgs": {
      "locked": {
        "lastModified": 1727721424,
        "narHash": "sha256-NjJh2YAJVX6/ssKeFkBVoiWCFLsCgmzN126gOt8ZYsU=",
        "owner": "NixOS",
        "repo": "nixpkgs",
        "rev": "7dfd05c8ad1d02e3889edccc555b6c817814b455",
        "type": "github"
      },
      "original": {
        "owner": "NixOS",
        "ref": "master",
        "repo": "nixpkgs",
        "type": "github"
      }
    },
    "root": {
      "inputs": {
        "nixpkgs": "nixpkgs"
      }
    }
  },
  "root": "root",
  "version": 7
}
