{
  "nodes": {
    "nixpkgs": {
      "locked": {
        "lastModified": 1682318825,
        "narHash": "sha256-rTFe23xSneBU2AqiwTGnXyQBfIDyJzxRKdLYti4BgB8=",
        "owner": "NixOS",
        "repo": "nixpkgs",
        "rev": "6577af679354e6df48fac646b46178455412abc1",
        "type": "github"
      },
      "original": {
        "owner": "NixOS",
        "ref": "master",
        "repo": "nixpkgs",
        "type": "github"
      }
    },
    "root": {
      "inputs": {
        "nixpkgs": "nixpkgs"
      }
    }
  },
  "root": "root",
  "version": 7
}
